
Microsoft Visual Studio Solution File, Format Version 12.00
# Visual Studio Version 17
VisualStudioVersion = 17.6.33801.468
MinimumVisualStudioVersion = 10.0.40219.1
Project("{9A19103F-16F7-4668-BE54-9A1E7A4F7556}") = "PacktLibrary", "PacktLibrary\PacktLibrary.csproj", "{5585F5EA-A05B-4C24-8D2D-5BE33019E8EE}"
EndProject
Project("{9A19103F-16F7-4668-BE54-9A1E7A4F7556}") = "PeopleApp", "PeopleApp\PeopleApp.csproj", "{4523D4DA-08A8-423A-8B65-8B1F4D5B9DE2}"
EndProject
Project("{9A19103F-16F7-4668-BE54-9A1E7A4F7556}") = "NullHandling", "NullHandling\NullHandling.csproj", "{4B878540-9D97-434D-AE2F-7E1A8324290C}"
EndProject
Project("{FAE04EC0-301F-11D3-BF4B-00C04F79EFBC}") = "WarningsAsErrors", "WarningsAsErrors\WarningsAsErrors.csproj", "{073D93F6-B658-44BF-A91E-C05B91755F78}"
EndProject
Project("{FAE04EC0-301F-11D3-BF4B-00C04F79EFBC}") = "CodeAnalyzing", "CodeAnalyzing\CodeAnalyzing.csproj", "{8F88074F-5D6A-413A-A153-7E5803C370E7}"
EndProject
Global
	GlobalSection(SolutionConfigurationPlatforms) = preSolution
		Debug|Any CPU = Debug|Any CPU
		Release|Any CPU = Release|Any CPU
	EndGlobalSection
	GlobalSection(ProjectConfigurationPlatforms) = postSolution
		{5585F5EA-A05B-4C24-8D2D-5BE33019E8EE}.Debug|Any CPU.ActiveCfg = Debug|Any CPU
		{5585F5EA-A05B-4C24-8D2D-5BE33019E8EE}.Debug|Any CPU.Build.0 = Debug|Any CPU
		{5585F5EA-A05B-4C24-8D2D-5BE33019E8EE}.Release|Any CPU.ActiveCfg = Release|Any CPU
		{5585F5EA-A05B-4C24-8D2D-5BE33019E8EE}.Release|Any CPU.Build.0 = Release|Any CPU
		{4523D4DA-08A8-423A-8B65-8B1F4D5B9DE2}.Debug|Any CPU.ActiveCfg = Debug|Any CPU
		{4523D4DA-08A8-423A-8B65-8B1F4D5B9DE2}.Debug|Any CPU.Build.0 = Debug|Any CPU
		{4523D4DA-08A8-423A-8B65-8B1F4D5B9DE2}.Release|Any CPU.ActiveCfg = Release|Any CPU
		{4523D4DA-08A8-423A-8B65-8B1F4D5B9DE2}.Release|Any CPU.Build.0 = Release|Any CPU
		{4B878540-9D97-434D-AE2F-7E1A8324290C}.Debug|Any CPU.ActiveCfg = Debug|Any CPU
		{4B878540-9D97-434D-AE2F-7E1A8324290C}.Debug|Any CPU.Build.0 = Debug|Any CPU
		{4B878540-9D97-434D-AE2F-7E1A8324290C}.Release|Any CPU.ActiveCfg = Release|Any CPU
		{4B878540-9D97-434D-AE2F-7E1A8324290C}.Release|Any CPU.Build.0 = Release|Any CPU
		{073D93F6-B658-44BF-A91E-C05B91755F78}.Debug|Any CPU.ActiveCfg = Debug|Any CPU
		{073D93F6-B658-44BF-A91E-C05B91755F78}.Debug|Any CPU.Build.0 = Debug|Any CPU
		{073D93F6-B658-44BF-A91E-C05B91755F78}.Release|Any CPU.ActiveCfg = Release|Any CPU
		{073D93F6-B658-44BF-A91E-C05B91755F78}.Release|Any CPU.Build.0 = Release|Any CPU
		{8F88074F-5D6A-413A-A153-7E5803C370E7}.Debug|Any CPU.ActiveCfg = Debug|Any CPU
		{8F88074F-5D6A-413A-A153-7E5803C370E7}.Debug|Any CPU.Build.0 = Debug|Any CPU
		{8F88074F-5D6A-413A-A153-7E5803C370E7}.Release|Any CPU.ActiveCfg = Release|Any CPU
		{8F88074F-5D6A-413A-A153-7E5803C370E7}.Release|Any CPU.Build.0 = Release|Any CPU
	EndGlobalSection
	GlobalSection(SolutionProperties) = preSolution
		HideSolutionNode = FALSE
	EndGlobalSection
	GlobalSection(ExtensibilityGlobals) = postSolution
		SolutionGuid = {8F005705-1BF4-459C-A684-AC35C0DEC4FC}
	EndGlobalSection
EndGlobal
